// !$*UTF8*$!
{
	archiveVersion = 1;
	classes = {
	};
	objectVersion = 50;
	objects = {

/* Begin PBXBuildFile section */
		83141E8D25A87A980057B78C /* NetworkManager.swift in Sources */ = {isa = PBXBuildFile; fileRef = 83141E8C25A87A980057B78C /* NetworkManager.swift */; };
		83141E9025A87ACD0057B78C /* APError.swift in Sources */ = {isa = PBXBuildFile; fileRef = 83141E8F25A87ACD0057B78C /* APError.swift */; };
		833D8443255F741F0012D52D /* AppetizerListView.swift in Sources */ = {isa = PBXBuildFile; fileRef = 833D8442255F741F0012D52D /* AppetizerListView.swift */; };
		833D8446255F74490012D52D /* AccountView.swift in Sources */ = {isa = PBXBuildFile; fileRef = 833D8445255F74490012D52D /* AccountView.swift */; };
		833D8449255F74620012D52D /* OrderView.swift in Sources */ = {isa = PBXBuildFile; fileRef = 833D8448255F74620012D52D /* OrderView.swift */; };
		8382B926255F57CB007CA432 /* AppetizerApp.swift in Sources */ = {isa = PBXBuildFile; fileRef = 8382B925255F57CB007CA432 /* AppetizerApp.swift */; };
		8382B928255F57CB007CA432 /* AppetizerTabView.swift in Sources */ = {isa = PBXBuildFile; fileRef = 8382B927255F57CB007CA432 /* AppetizerTabView.swift */; };
		8382B92A255F57D0007CA432 /* Assets.xcassets in Resources */ = {isa = PBXBuildFile; fileRef = 8382B929255F57D0007CA432 /* Assets.xcassets */; };
		8382B92D255F57D0007CA432 /* Preview Assets.xcassets in Resources */ = {isa = PBXBuildFile; fileRef = 8382B92C255F57D0007CA432 /* Preview Assets.xcassets */; };
		839DE016256E8133007DAEC0 /* Appetizer.swift in Sources */ = {isa = PBXBuildFile; fileRef = 839DE015256E8133007DAEC0 /* Appetizer.swift */; };
		839DE019256FFAF7007DAEC0 /* AppetizerListCell.swift in Sources */ = {isa = PBXBuildFile; fileRef = 839DE018256FFAF7007DAEC0 /* AppetizerListCell.swift */; };
/* End PBXBuildFile section */

/* Begin PBXFileReference section */
		83141E8C25A87A980057B78C /* NetworkManager.swift */ = {isa = PBXFileReference; lastKnownFileType = sourcecode.swift; path = NetworkManager.swift; sourceTree = "<group>"; };
		83141E8F25A87ACD0057B78C /* APError.swift */ = {isa = PBXFileReference; lastKnownFileType = sourcecode.swift; path = APError.swift; sourceTree = "<group>"; };
		833D8442255F741F0012D52D /* AppetizerListView.swift */ = {isa = PBXFileReference; lastKnownFileType = sourcecode.swift; path = AppetizerListView.swift; sourceTree = "<group>"; };
		833D8445255F74490012D52D /* AccountView.swift */ = {isa = PBXFileReference; lastKnownFileType = sourcecode.swift; path = AccountView.swift; sourceTree = "<group>"; };
		833D8448255F74620012D52D /* OrderView.swift */ = {isa = PBXFileReference; lastKnownFileType = sourcecode.swift; path = OrderView.swift; sourceTree = "<group>"; };
		8382B922255F57CB007CA432 /* Appetizer.app */ = {isa = PBXFileReference; explicitFileType = wrapper.application; includeInIndex = 0; path = Appetizer.app; sourceTree = BUILT_PRODUCTS_DIR; };
		8382B925255F57CB007CA432 /* AppetizerApp.swift */ = {isa = PBXFileReference; lastKnownFileType = sourcecode.swift; path = AppetizerApp.swift; sourceTree = "<group>"; };
		8382B927255F57CB007CA432 /* AppetizerTabView.swift */ = {isa = PBXFileReference; lastKnownFileType = sourcecode.swift; path = AppetizerTabView.swift; sourceTree = "<group>"; };
		8382B929255F57D0007CA432 /* Assets.xcassets */ = {isa = PBXFileReference; lastKnownFileType = folder.assetcatalog; path = Assets.xcassets; sourceTree = "<group>"; };
		8382B92C255F57D0007CA432 /* Preview Assets.xcassets */ = {isa = PBXFileReference; lastKnownFileType = folder.assetcatalog; path = "Preview Assets.xcassets"; sourceTree = "<group>"; };
		8382B92E255F57D0007CA432 /* Info.plist */ = {isa = PBXFileReference; lastKnownFileType = text.plist.xml; path = Info.plist; sourceTree = "<group>"; };
		839DE015256E8133007DAEC0 /* Appetizer.swift */ = {isa = PBXFileReference; lastKnownFileType = sourcecode.swift; path = Appetizer.swift; sourceTree = "<group>"; };
		839DE018256FFAF7007DAEC0 /* AppetizerListCell.swift */ = {isa = PBXFileReference; lastKnownFileType = sourcecode.swift; path = AppetizerListCell.swift; sourceTree = "<group>"; };
/* End PBXFileReference section */

/* Begin PBXFrameworksBuildPhase section */
		8382B91F255F57CB007CA432 /* Frameworks */ = {
			isa = PBXFrameworksBuildPhase;
			buildActionMask = 2147483647;
			files = (
			);
			runOnlyForDeploymentPostprocessing = 0;
		};
/* End PBXFrameworksBuildPhase section */

/* Begin PBXGroup section */
		8382B919255F57CB007CA432 = {
			isa = PBXGroup;
			children = (
				8382B924255F57CB007CA432 /* Appetizer */,
				8382B923255F57CB007CA432 /* Products */,
			);
			sourceTree = "<group>";
		};
		8382B923255F57CB007CA432 /* Products */ = {
			isa = PBXGroup;
			children = (
				8382B922255F57CB007CA432 /* Appetizer.app */,
			);
			name = Products;
			sourceTree = "<group>";
		};
		8382B924255F57CB007CA432 /* Appetizer */ = {
			isa = PBXGroup;
			children = (
				8382B925255F57CB007CA432 /* AppetizerApp.swift */,
				8382B927255F57CB007CA432 /* AppetizerTabView.swift */,
				8382B929255F57D0007CA432 /* Assets.xcassets */,
				8382B92E255F57D0007CA432 /* Info.plist */,
				8382B92B255F57D0007CA432 /* Preview Content */,
				833D8442255F741F0012D52D /* AppetizerListView.swift */,
				833D8445255F74490012D52D /* AccountView.swift */,
				833D8448255F74620012D52D /* OrderView.swift */,
				839DE015256E8133007DAEC0 /* Appetizer.swift */,
				839DE018256FFAF7007DAEC0 /* AppetizerListCell.swift */,
				83141E8C25A87A980057B78C /* NetworkManager.swift */,
				83141E8F25A87ACD0057B78C /* APError.swift */,
			);
			path = Appetizer;
			sourceTree = "<group>";
		};
		8382B92B255F57D0007CA432 /* Preview Content */ = {
			isa = PBXGroup;
			children = (
				8382B92C255F57D0007CA432 /* Preview Assets.xcassets */,
			);
			path = "Preview Content";
			sourceTree = "<group>";
		};
/* End PBXGroup section */

/* Begin PBXNativeTarget section */
		8382B921255F57CB007CA432 /* Appetizer */ = {
			isa = PBXNativeTarget;
			buildConfigurationList = 8382B931255F57D0007CA432 /* Build configuration list for PBXNativeTarget "Appetizer" */;
			buildPhases = (
				8382B91E255F57CB007CA432 /* Sources */,
				8382B91F255F57CB007CA432 /* Frameworks */,
				8382B920255F57CB007CA432 /* Resources */,
			);
			buildRules = (
			);
			dependencies = (
			);
			name = Appetizer;
			productName = Appetizer;
			productReference = 8382B922255F57CB007CA432 /* Appetizer.app */;
			productType = "com.apple.product-type.application";
		};
/* End PBXNativeTarget section */

/* Begin PBXProject section */
		8382B91A255F57CB007CA432 /* Project object */ = {
			isa = PBXProject;
			attributes = {
				LastSwiftUpdateCheck = 1220;
				LastUpgradeCheck = 1220;
				TargetAttributes = {
					8382B921255F57CB007CA432 = {
						CreatedOnToolsVersion = 12.2;
					};
				};
			};
			buildConfigurationList = 8382B91D255F57CB007CA432 /* Build configuration list for PBXProject "Appetizer" */;
			compatibilityVersion = "Xcode 9.3";
			developmentRegion = en;
			hasScannedForEncodings = 0;
			knownRegions = (
				en,
				Base,
			);
			mainGroup = 8382B919255F57CB007CA432;
			productRefGroup = 8382B923255F57CB007CA432 /* Products */;
			projectDirPath = "";
			projectRoot = "";
			targets = (
				8382B921255F57CB007CA432 /* Appetizer */,
			);
		};
/* End PBXProject section */

/* Begin PBXResourcesBuildPhase section */
		8382B920255F57CB007CA432 /* Resources */ = {
			isa = PBXResourcesBuildPhase;
			buildActionMask = 2147483647;
			files = (
				8382B92D255F57D0007CA432 /* Preview Assets.xcassets in Resources */,
				8382B92A255F57D0007CA432 /* Assets.xcassets in Resources */,
			);
			runOnlyForDeploymentPostprocessing = 0;
		};
/* End PBXResourcesBuildPhase section */

/* Begin PBXSourcesBuildPhase section */
		8382B91E255F57CB007CA432 /* Sources */ = {
			isa = PBXSourcesBuildPhase;
			buildActionMask = 2147483647;
			files = (
				839DE016256E8133007DAEC0 /* Appetizer.swift in Sources */,
				83141E9025A87ACD0057B78C /* APError.swift in Sources */,
				839DE019256FFAF7007DAEC0 /* AppetizerListCell.swift in Sources */,
				833D8446255F74490012D52D /* AccountView.swift in Sources */,
				8382B928255F57CB007CA432 /* AppetizerTabView.swift in Sources */,
				83141E8D25A87A980057B78C /* NetworkManager.swift in Sources */,
				8382B926255F57CB007CA432 /* AppetizerApp.swift in Sources */,
				833D8443255F741F0012D52D /* AppetizerListView.swift in Sources */,
				833D8449255F74620012D52D /* OrderView.swift in Sources */,
			);
			runOnlyForDeploymentPostprocessing = 0;
		};
/* End PBXSourcesBuildPhase section */

/* Begin XCBuildConfiguration section */
		8382B92F255F57D0007CA432 /* Debug */ = {
			isa = XCBuildConfiguration;
			buildSettings = {
				ALWAYS_SEARCH_USER_PATHS = NO;
				CLANG_ANALYZER_NONNULL = YES;
				CLANG_ANALYZER_NUMBER_OBJECT_CONVERSION = YES_AGGRESSIVE;
				CLANG_CXX_LANGUAGE_STANDARD = "gnu++14";
				CLANG_CXX_LIBRARY = "libc++";
				CLANG_ENABLE_MODULES = YES;
				CLANG_ENABLE_OBJC_ARC = YES;
				CLANG_ENABLE_OBJC_WEAK = YES;
				CLANG_WARN_BLOCK_CAPTURE_AUTORELEASING = YES;
				CLANG_WARN_BOOL_CONVERSION = YES;
				CLANG_WARN_COMMA = YES;
				CLANG_WARN_CONSTANT_CONVERSION = YES;
				CLANG_WARN_DEPRECATED_OBJC_IMPLEMENTATIONS = YES;
				CLANG_WARN_DIRECT_OBJC_ISA_USAGE = YES_ERROR;
				CLANG_WARN_DOCUMENTATION_COMMENTS = YES;
				CLANG_WARN_EMPTY_BODY = YES;
				CLANG_WARN_ENUM_CONVERSION = YES;
				CLANG_WARN_INFINITE_RECURSION = YES;
				CLANG_WARN_INT_CONVERSION = YES;
				CLANG_WARN_NON_LITERAL_NULL_CONVERSION = YES;
				CLANG_WARN_OBJC_IMPLICIT_RETAIN_SELF = YES;
				CLANG_WARN_OBJC_LITERAL_CONVERSION = YES;
				CLANG_WARN_OBJC_ROOT_CLASS = YES_ERROR;
				CLANG_WARN_QUOTED_INCLUDE_IN_FRAMEWORK_HEADER = YES;
				CLANG_WARN_RANGE_LOOP_ANALYSIS = YES;
				CLANG_WARN_STRICT_PROTOTYPES = YES;
				CLANG_WARN_SUSPICIOUS_MOVE = YES;
				CLANG_WARN_UNGUARDED_AVAILABILITY = YES_AGGRESSIVE;
				CLANG_WARN_UNREACHABLE_CODE = YES;
				CLANG_WARN__DUPLICATE_METHOD_MATCH = YES;
				COPY_PHASE_STRIP = NO;
				DEBUG_INFORMATION_FORMAT = dwarf;
				ENABLE_STRICT_OBJC_MSGSEND = YES;
				ENABLE_TESTABILITY = YES;
				GCC_C_LANGUAGE_STANDARD = gnu11;
				GCC_DYNAMIC_NO_PIC = NO;
				GCC_NO_COMMON_BLOCKS = YES;
				GCC_OPTIMIZATION_LEVEL = 0;
				GCC_PREPROCESSOR_DEFINITIONS = (
					"DEBUG=1",
					"$(inherited)",
				);
				GCC_WARN_64_TO_32_BIT_CONVERSION = YES;
				GCC_WARN_ABOUT_RETURN_TYPE = YES_ERROR;
				GCC_WARN_UNDECLARED_SELECTOR = YES;
				GCC_WARN_UNINITIALIZED_AUTOS = YES_AGGRESSIVE;
				GCC_WARN_UNUSED_FUNCTION = YES;
				GCC_WARN_UNUSED_VARIABLE = YES;
				IPHONEOS_DEPLOYMENT_TARGET = 14.2;
				MTL_ENABLE_DEBUG_INFO = INCLUDE_SOURCE;
				MTL_FAST_MATH = YES;
				ONLY_ACTIVE_ARCH = YES;
				SDKROOT = iphoneos;
				SWIFT_ACTIVE_COMPILATION_CONDITIONS = DEBUG;
				SWIFT_OPTIMIZATION_LEVEL = "-Onone";
			};
			name = Debug;
		};
		8382B930255F57D0007CA432 /* Release */ = {
			isa = XCBuildConfiguration;
			buildSettings = {
				ALWAYS_SEARCH_USER_PATHS = NO;
				CLANG_ANALYZER_NONNULL = YES;
				CLANG_ANALYZER_NUMBER_OBJECT_CONVERSION = YES_AGGRESSIVE;
				CLANG_CXX_LANGUAGE_STANDARD = "gnu++14";
				CLANG_CXX_LIBRARY = "libc++";
				CLANG_ENABLE_MODULES = YES;
				CLANG_ENABLE_OBJC_ARC = YES;
				CLANG_ENABLE_OBJC_WEAK = YES;
				CLANG_WARN_BLOCK_CAPTURE_AUTORELEASING = YES;
				CLANG_WARN_BOOL_CONVERSION = YES;
				CLANG_WARN_COMMA = YES;
				CLANG_WARN_CONSTANT_CONVERSION = YES;
				CLANG_WARN_DEPRECATED_OBJC_IMPLEMENTATIONS = YES;
				CLANG_WARN_DIRECT_OBJC_ISA_USAGE = YES_ERROR;
				CLANG_WARN_DOCUMENTATION_COMMENTS = YES;
				CLANG_WARN_EMPTY_BODY = YES;
				CLANG_WARN_ENUM_CONVERSION = YES;
				CLANG_WARN_INFINITE_RECURSION = YES;
				CLANG_WARN_INT_CONVERSION = YES;
				CLANG_WARN_NON_LITERAL_NULL_CONVERSION = YES;
				CLANG_WARN_OBJC_IMPLICIT_RETAIN_SELF = YES;
				CLANG_WARN_OBJC_LITERAL_CONVERSION = YES;
				CLANG_WARN_OBJC_ROOT_CLASS = YES_ERROR;
				CLANG_WARN_QUOTED_INCLUDE_IN_FRAMEWORK_HEADER = YES;
				CLANG_WARN_RANGE_LOOP_ANALYSIS = YES;
				CLANG_WARN_STRICT_PROTOTYPES = YES;
				CLANG_WARN_SUSPICIOUS_MOVE = YES;
				CLANG_WARN_UNGUARDED_AVAILABILITY = YES_AGGRESSIVE;
				CLANG_WARN_UNREACHABLE_CODE = YES;
				CLANG_WARN__DUPLICATE_METHOD_MATCH = YES;
				COPY_PHASE_STRIP = NO;
				DEBUG_INFORMATION_FORMAT = "dwarf-with-dsym";
				ENABLE_NS_ASSERTIONS = NO;
				ENABLE_STRICT_OBJC_MSGSEND = YES;
				GCC_C_LANGUAGE_STANDARD = gnu11;
				GCC_NO_COMMON_BLOCKS = YES;
				GCC_WARN_64_TO_32_BIT_CONVERSION = YES;
				GCC_WARN_ABOUT_RETURN_TYPE = YES_ERROR;
				GCC_WARN_UNDECLARED_SELECTOR = YES;
				GCC_WARN_UNINITIALIZED_AUTOS = YES_AGGRESSIVE;
				GCC_WARN_UNUSED_FUNCTION = YES;
				GCC_WARN_UNUSED_VARIABLE = YES;
				IPHONEOS_DEPLOYMENT_TARGET = 14.2;
				MTL_ENABLE_DEBUG_INFO = NO;
				MTL_FAST_MATH = YES;
				SDKROOT = iphoneos;
				SWIFT_COMPILATION_MODE = wholemodule;
				SWIFT_OPTIMIZATION_LEVEL = "-O";
				VALIDATE_PRODUCT = YES;
			};
			name = Release;
		};
		8382B932255F57D0007CA432 /* Debug */ = {
			isa = XCBuildConfiguration;
			buildSettings = {
				ASSETCATALOG_COMPILER_APPICON_NAME = AppIcon;
				ASSETCATALOG_COMPILER_GLOBAL_ACCENT_COLOR_NAME = AccentColor;
				CODE_SIGN_STYLE = Automatic;
				DEVELOPMENT_ASSET_PATHS = "\"Appetizer/Preview Content\"";
				DEVELOPMENT_TEAM = 54GQFS3JDD;
				ENABLE_PREVIEWS = YES;
				INFOPLIST_FILE = Appetizer/Info.plist;
				IPHONEOS_DEPLOYMENT_TARGET = 14.0;
				LD_RUNPATH_SEARCH_PATHS = (
					"$(inherited)",
					"@executable_path/Frameworks",
				);
				PRODUCT_BUNDLE_IDENTIFIER = com.oscarsantos.Appetizer;
				PRODUCT_NAME = "$(TARGET_NAME)";
				SWIFT_VERSION = 5.0;
				TARGETED_DEVICE_FAMILY = "1,2";
			};
			name = Debug;
		};
		8382B933255F57D0007CA432 /* Release */ = {
			isa = XCBuildConfiguration;
			buildSettings = {
				ASSETCATALOG_COMPILER_APPICON_NAME = AppIcon;
				ASSETCATALOG_COMPILER_GLOBAL_ACCENT_COLOR_NAME = AccentColor;
				CODE_SIGN_STYLE = Automatic;
				DEVELOPMENT_ASSET_PATHS = "\"Appetizer/Preview Content\"";
				DEVELOPMENT_TEAM = 54GQFS3JDD;
				ENABLE_PREVIEWS = YES;
				INFOPLIST_FILE = Appetizer/Info.plist;
				IPHONEOS_DEPLOYMENT_TARGET = 14.0;
				LD_RUNPATH_SEARCH_PATHS = (
					"$(inherited)",
					"@executable_path/Frameworks",
				);
				PRODUCT_BUNDLE_IDENTIFIER = com.oscarsantos.Appetizer;
				PRODUCT_NAME = "$(TARGET_NAME)";
				SWIFT_VERSION = 5.0;
				TARGETED_DEVICE_FAMILY = "1,2";
			};
			name = Release;
		};
/* End XCBuildConfiguration section */

/* Begin XCConfigurationList section */
		8382B91D255F57CB007CA432 /* Build configuration list for PBXProject "Appetizer" */ = {
			isa = XCConfigurationList;
			buildConfigurations = (
				8382B92F255F57D0007CA432 /* Debug */,
				8382B930255F57D0007CA432 /* Release */,
			);
			defaultConfigurationIsVisible = 0;
			defaultConfigurationName = Release;
		};
		8382B931255F57D0007CA432 /* Build configuration list for PBXNativeTarget "Appetizer" */ = {
			isa = XCConfigurationList;
			buildConfigurations = (
				8382B932255F57D0007CA432 /* Debug */,
				8382B933255F57D0007CA432 /* Release */,
			);
			defaultConfigurationIsVisible = 0;
			defaultConfigurationName = Release;
		};
/* End XCConfigurationList section */
	};
	rootObject = 8382B91A255F57CB007CA432 /* Project object */;
}
